<?xml version="1.0" encoding="utf-8"?>
<Project ToolsVersion="4.0" xmlns="http://schemas.microsoft.com/developer/msbuild/2003">
  <ItemGroup>
    <Filter Include="Source Files">
      <UniqueIdentifier>{b83dcf8c-93ff-4777-b5a3-becc8376f181}</UniqueIdentifier>
      <Extensions>cpp;c;cxx;rc;def;r;odl;idl;hpj;bat</Extensions>
    </Filter>
    <Filter Include="Header Files">
      <UniqueIdentifier>{8dbe26e8-0833-4b9f-a8ce-795966a985b6}</UniqueIdentifier>
      <Extensions>h;hpp;hxx;hm;inl</Extensions>
    </Filter>
    <Filter Include="Header Files\Header-Shared">
      <UniqueIdentifier>{33d788b9-676c-428f-be67-bab5e8bf6986}</UniqueIdentifier>
    </Filter>
    <Filter Include="Resource Files">
      <UniqueIdentifier>{073d01a4-cd28-4c7e-93ad-17289de0a0aa}</UniqueIdentifier>
      <Extensions>ico;cur;bmp;dlg;rc2;rct;bin;rgs;gif;jpg;jpeg;jpe</Extensions>
    </Filter>
  </ItemGroup>
  <ItemGroup>
    <ClCompile Include="cart.cpp">
      <Filter>Source Files</Filter>
    </ClCompile>
    <ClCompile Include="custom.cpp">
      <Filter>Source Files</Filter>
    </ClCompile>
    <ClCompile Include="customdlg.cpp">
      <Filter>Source Files</Filter>
    </ClCompile>
    <ClCompile Include="export.cpp">
      <Filter>Source Files</Filter>
    </ClCompile>
    <ClCompile Include="maindlg.cpp">
      <Filter>Source Files</Filter>
    </ClCompile>
    <ClCompile Include="OpenDlg.cpp">
      <Filter>Source Files</Filter>
    </ClCompile>
    <ClCompile Include="sounddlg.cpp">
      <Filter>Source Files</Filter>
    </ClCompile>
    <ClCompile Include="StdAfx.cpp">
      <Filter>Source Files</Filter>
    </ClCompile>
    <ClCompile Include="YICT.cpp">
      <Filter>Source Files</Filter>
    </ClCompile>
  </ItemGroup>
  <ItemGroup>
    <None Include="conditions.c_">
      <Filter>Source Files</Filter>
    </None>
    <None Include="YICT.ico">
      <Filter>Resource Files</Filter>
    </None>
  </ItemGroup>
  <ItemGroup>
    <ResourceCompile Include="YICT.rc">
      <Filter>Source Files</Filter>
    </ResourceCompile>
  </ItemGroup>
  <ItemGroup>
    <ClInclude Include="custom.h">
      <Filter>Header Files</Filter>
    </ClInclude>
    <ClInclude Include="maindlg.h">
      <Filter>Header Files</Filter>
    </ClInclude>
    <ClInclude Include="OpenDlg.h">
      <Filter>Header Files</Filter>
    </ClInclude>
    <ClInclude Include="otherdlg.h">
      <Filter>Header Files</Filter>
    </ClInclude>
    <ClInclude Include="Resource.h">
      <Filter>Header Files</Filter>
    </ClInclude>
    <ClInclude Include="selectlist.h">
      <Filter>Header Files</Filter>
    </ClInclude>
    <ClInclude Include="sounddlg.h">
      <Filter>Header Files</Filter>
    </ClInclude>
    <ClInclude Include="StdAfx.h">
      <Filter>Header Files</Filter>
    </ClInclude>
    <ClInclude Include="YICT.h">
      <Filter>Header Files</Filter>
    </ClInclude>
    <ClInclude Include="..\unames.h">
      <Filter>Header Files\Header-Shared</Filter>
    </ClInclude>
    <ClInclude Include="..\unames2.h">
      <Filter>Header Files\Header-Shared</Filter>
    </ClInclude>
    <ClInclude Include="..\yictdata202.h">
      <Filter>Header Files\Header-Shared</Filter>
    </ClInclude>
  </ItemGroup>
</Project>